// !$*UTF8*$!
{
	archiveVersion = 1;
	classes = {
	};
	objectVersion = 54;
	objects = {

/* Begin PBXBuildFile section */
		0C80B921A6F3F58F76C31292 /* libPods-BonJoyRider.a in Frameworks */ = {isa = PBXBuildFile; fileRef = 5DCACB8F33CDC322A6C60F78 /* libPods-BonJoyRider.a */; };
		13B07FBF1A68108700A75B9A /* Images.xcassets in Resources */ = {isa = PBXBuildFile; fileRef = 13B07FB51A68108700A75B9A /* Images.xcassets */; };
		761780ED2CA45674006654EE /* AppDelegate.swift in Sources */ = {isa = PBXBuildFile; fileRef = 761780EC2CA45674006654EE /* AppDelegate.swift */; };
		81AB9BB82411601600AC10FF /* LaunchScreen.storyboard in Resources */ = {isa = PBXBuildFile; fileRef = 81AB9BB72411601600AC10FF /* LaunchScreen.storyboard */; };
		9CDDC77742364633A63A1554 /* PoppinsBlack.ttf in Resources */ = {isa = PBXBuildFile; fileRef = 57F329EB5530476686A7FFE7 /* PoppinsBlack.ttf */; };
		FA4FF40A478244E6BBEA3157 /* PoppinsBlackItalic.ttf in Resources */ = {isa = PBXBuildFile; fileRef = 622E140EC6C54B1484154E6C /* PoppinsBlackItalic.ttf */; };
		470985D55B9C46CE82C78569 /* PoppinsBold.ttf in Resources */ = {isa = PBXBuildFile; fileRef = ED218380F7B74D0CAB2692BC /* PoppinsBold.ttf */; };
		BE3FA760D4BF452E9D96EBE2 /* PoppinsBoldItalic.ttf in Resources */ = {isa = PBXBuildFile; fileRef = 7C2391341A22442B94B0AE2D /* PoppinsBoldItalic.ttf */; };
		9DF920DBA2A04BDE82FBFA6C /* PoppinsExtraBold.ttf in Resources */ = {isa = PBXBuildFile; fileRef = 20419E4961AF4DAC8AD8B7C9 /* PoppinsExtraBold.ttf */; };
		83F5AC758887441EBC762B44 /* PoppinsExtraBoldItalic.ttf in Resources */ = {isa = PBXBuildFile; fileRef = 8B14734D8E3E427E90E8A927 /* PoppinsExtraBoldItalic.ttf */; };
		13565A0200884A1A8CA8C4A5 /* PoppinsExtraLight.ttf in Resources */ = {isa = PBXBuildFile; fileRef = 31390623413844A0A88A7EBE /* PoppinsExtraLight.ttf */; };
		26E61DC13EC44638BF74AE78 /* PoppinsExtraLightItalic.ttf in Resources */ = {isa = PBXBuildFile; fileRef = B37AFB41B3D643D98B3B881E /* PoppinsExtraLightItalic.ttf */; };
		8F4D30AB7AEB48B7A1E83989 /* PoppinsItalic.ttf in Resources */ = {isa = PBXBuildFile; fileRef = 176A6B5AF52B4694A7A0166B /* PoppinsItalic.ttf */; };
		9154A493DFCB418FB070450F /* PoppinsLight.ttf in Resources */ = {isa = PBXBuildFile; fileRef = FFF6DD3A198441FCB4CE1BEA /* PoppinsLight.ttf */; };
		8E990E8BC81A41BF92542E1D /* PoppinsLightItalic.ttf in Resources */ = {isa = PBXBuildFile; fileRef = 98972390D5474E328FBF09C0 /* PoppinsLightItalic.ttf */; };
		054017BADB9743A08FED75DC /* PoppinsMedium.ttf in Resources */ = {isa = PBXBuildFile; fileRef = A331F2B447F647FA9D4AE008 /* PoppinsMedium.ttf */; };
		3AB8B5155ACA4AF495F385E1 /* PoppinsMediumItalic.ttf in Resources */ = {isa = PBXBuildFile; fileRef = 1D5373BF483843CC8B3169A8 /* PoppinsMediumItalic.ttf */; };
		B89516330C7B4371B30CD764 /* PoppinsRegular.ttf in Resources */ = {isa = PBXBuildFile; fileRef = 1BCB4A0ED30E456189DE2EA9 /* PoppinsRegular.ttf */; };
		836EE17F7F354B31A09D0BB9 /* PoppinsSemiBold.ttf in Resources */ = {isa = PBXBuildFile; fileRef = 9686B5D1535042668A638C7E /* PoppinsSemiBold.ttf */; };
		3FE63576C528424DB81E638F /* PoppinsSemiBoldItalic.ttf in Resources */ = {isa = PBXBuildFile; fileRef = 95E6030FF95D48FCB63C84CF /* PoppinsSemiBoldItalic.ttf */; };
		0512D0E75B2F4311BD585685 /* PoppinsThin.ttf in Resources */ = {isa = PBXBuildFile; fileRef = 5D5E3148115248C399B7BBF3 /* PoppinsThin.ttf */; };
		510C3F081FE9413BBCE63DD3 /* PoppinsThinItalic.ttf in Resources */ = {isa = PBXBuildFile; fileRef = E5FF50C2799D4E0CAA51ACF0 /* PoppinsThinItalic.ttf */; };
/* End PBXBuildFile section */

/* Begin PBXFileReference section */
		13B07F961A680F5B00A75B9A /* BonJoyRider.app */ = {isa = PBXFileReference; explicitFileType = wrapper.application; includeInIndex = 0; path = "BonJoyRider.app"; sourceTree = BUILT_PRODUCTS_DIR; };
		13B07FB51A68108700A75B9A /* Images.xcassets */ = {isa = PBXFileReference; lastKnownFileType = folder.assetcatalog; name = Images.xcassets; path = "BonJoyRider/Images.xcassets"; sourceTree = "<group>"; };
		13B07FB61A68108700A75B9A /* Info.plist */ = {isa = PBXFileReference; fileEncoding = 4; lastKnownFileType = text.plist.xml; name = Info.plist; path = "BonJoyRider/Info.plist"; sourceTree = "<group>"; };
		13B07FB81A68108700A75B9A /* PrivacyInfo.xcprivacy */ = {isa = PBXFileReference; fileEncoding = 4; lastKnownFileType = text.plist.xml; name = PrivacyInfo.xcprivacy; path = BonJoyRider/PrivacyInfo.xcprivacy; sourceTree = "<group>"; };
		3B4392A12AC88292D35C810B /* Pods-BonJoyRider.debug.xcconfig */ = {isa = PBXFileReference; includeInIndex = 1; lastKnownFileType = text.xcconfig; name = "Pods-BonJoyRider.debug.xcconfig"; path = "Target Support Files/Pods-BonJoyRider/Pods-BonJoyRider.debug.xcconfig"; sourceTree = "<group>"; };
		5709B34CF0A7D63546082F79 /* Pods-BonJoyRider.release.xcconfig */ = {isa = PBXFileReference; includeInIndex = 1; lastKnownFileType = text.xcconfig; name = "Pods-BonJoyRider.release.xcconfig"; path = "Target Support Files/Pods-BonJoyRider/Pods-BonJoyRider.release.xcconfig"; sourceTree = "<group>"; };
		5DCACB8F33CDC322A6C60F78 /* libPods-BonJoyRider.a */ = {isa = PBXFileReference; explicitFileType = archive.ar; includeInIndex = 0; path = "libPods-BonJoyRider.a"; sourceTree = BUILT_PRODUCTS_DIR; };
		761780EC2CA45674006654EE /* AppDelegate.swift */ = {isa = PBXFileReference; lastKnownFileType = sourcecode.swift; name = AppDelegate.swift; path = BonJoyRider/AppDelegate.swift; sourceTree = "<group>"; };
		81AB9BB72411601600AC10FF /* LaunchScreen.storyboard */ = {isa = PBXFileReference; fileEncoding = 4; lastKnownFileType = file.storyboard; name = LaunchScreen.storyboard; path = "BonJoyRider/LaunchScreen.storyboard"; sourceTree = "<group>"; };
		ED297162215061F000B7C4FE /* JavaScriptCore.framework */ = {isa = PBXFileReference; lastKnownFileType = wrapper.framework; name = JavaScriptCore.framework; path = System/Library/Frameworks/JavaScriptCore.framework; sourceTree = SDKROOT; };
		57F329EB5530476686A7FFE7 /* PoppinsBlack.ttf */ = {isa = PBXFileReference; name = "PoppinsBlack.ttf"; path = "../src/assets/fonts/PoppinsBlack.ttf"; sourceTree = "<group>"; fileEncoding = undefined; lastKnownFileType = unknown; explicitFileType = undefined; includeInIndex = 0; };
		622E140EC6C54B1484154E6C /* PoppinsBlackItalic.ttf */ = {isa = PBXFileReference; name = "PoppinsBlackItalic.ttf"; path = "../src/assets/fonts/PoppinsBlackItalic.ttf"; sourceTree = "<group>"; fileEncoding = undefined; lastKnownFileType = unknown; explicitFileType = undefined; includeInIndex = 0; };
		ED218380F7B74D0CAB2692BC /* PoppinsBold.ttf */ = {isa = PBXFileReference; name = "PoppinsBold.ttf"; path = "../src/assets/fonts/PoppinsBold.ttf"; sourceTree = "<group>"; fileEncoding = undefined; lastKnownFileType = unknown; explicitFileType = undefined; includeInIndex = 0; };
		7C2391341A22442B94B0AE2D /* PoppinsBoldItalic.ttf */ = {isa = PBXFileReference; name = "PoppinsBoldItalic.ttf"; path = "../src/assets/fonts/PoppinsBoldItalic.ttf"; sourceTree = "<group>"; fileEncoding = undefined; lastKnownFileType = unknown; explicitFileType = undefined; includeInIndex = 0; };
		20419E4961AF4DAC8AD8B7C9 /* PoppinsExtraBold.ttf */ = {isa = PBXFileReference; name = "PoppinsExtraBold.ttf"; path = "../src/assets/fonts/PoppinsExtraBold.ttf"; sourceTree = "<group>"; fileEncoding = undefined; lastKnownFileType = unknown; explicitFileType = undefined; includeInIndex = 0; };
		8B14734D8E3E427E90E8A927 /* PoppinsExtraBoldItalic.ttf */ = {isa = PBXFileReference; name = "PoppinsExtraBoldItalic.ttf"; path = "../src/assets/fonts/PoppinsExtraBoldItalic.ttf"; sourceTree = "<group>"; fileEncoding = undefined; lastKnownFileType = unknown; explicitFileType = undefined; includeInIndex = 0; };
		31390623413844A0A88A7EBE /* PoppinsExtraLight.ttf */ = {isa = PBXFileReference; name = "PoppinsExtraLight.ttf"; path = "../src/assets/fonts/PoppinsExtraLight.ttf"; sourceTree = "<group>"; fileEncoding = undefined; lastKnownFileType = unknown; explicitFileType = undefined; includeInIndex = 0; };
		B37AFB41B3D643D98B3B881E /* PoppinsExtraLightItalic.ttf */ = {isa = PBXFileReference; name = "PoppinsExtraLightItalic.ttf"; path = "../src/assets/fonts/PoppinsExtraLightItalic.ttf"; sourceTree = "<group>"; fileEncoding = undefined; lastKnownFileType = unknown; explicitFileType = undefined; includeInIndex = 0; };
		176A6B5AF52B4694A7A0166B /* PoppinsItalic.ttf */ = {isa = PBXFileReference; name = "PoppinsItalic.ttf"; path = "../src/assets/fonts/PoppinsItalic.ttf"; sourceTree = "<group>"; fileEncoding = undefined; lastKnownFileType = unknown; explicitFileType = undefined; includeInIndex = 0; };
		FFF6DD3A198441FCB4CE1BEA /* PoppinsLight.ttf */ = {isa = PBXFileReference; name = "PoppinsLight.ttf"; path = "../src/assets/fonts/PoppinsLight.ttf"; sourceTree = "<group>"; fileEncoding = undefined; lastKnownFileType = unknown; explicitFileType = undefined; includeInIndex = 0; };
		98972390D5474E328FBF09C0 /* PoppinsLightItalic.ttf */ = {isa = PBXFileReference; name = "PoppinsLightItalic.ttf"; path = "../src/assets/fonts/PoppinsLightItalic.ttf"; sourceTree = "<group>"; fileEncoding = undefined; lastKnownFileType = unknown; explicitFileType = undefined; includeInIndex = 0; };
		A331F2B447F647FA9D4AE008 /* PoppinsMedium.ttf */ = {isa = PBXFileReference; name = "PoppinsMedium.ttf"; path = "../src/assets/fonts/PoppinsMedium.ttf"; sourceTree = "<group>"; fileEncoding = undefined; lastKnownFileType = unknown; explicitFileType = undefined; includeInIndex = 0; };
		1D5373BF483843CC8B3169A8 /* PoppinsMediumItalic.ttf */ = {isa = PBXFileReference; name = "PoppinsMediumItalic.ttf"; path = "../src/assets/fonts/PoppinsMediumItalic.ttf"; sourceTree = "<group>"; fileEncoding = undefined; lastKnownFileType = unknown; explicitFileType = undefined; includeInIndex = 0; };
		1BCB4A0ED30E456189DE2EA9 /* PoppinsRegular.ttf */ = {isa = PBXFileReference; name = "PoppinsRegular.ttf"; path = "../src/assets/fonts/PoppinsRegular.ttf"; sourceTree = "<group>"; fileEncoding = undefined; lastKnownFileType = unknown; explicitFileType = undefined; includeInIndex = 0; };
		9686B5D1535042668A638C7E /* PoppinsSemiBold.ttf */ = {isa = PBXFileReference; name = "PoppinsSemiBold.ttf"; path = "../src/assets/fonts/PoppinsSemiBold.ttf"; sourceTree = "<group>"; fileEncoding = undefined; lastKnownFileType = unknown; explicitFileType = undefined; includeInIndex = 0; };
		95E6030FF95D48FCB63C84CF /* PoppinsSemiBoldItalic.ttf */ = {isa = PBXFileReference; name = "PoppinsSemiBoldItalic.ttf"; path = "../src/assets/fonts/PoppinsSemiBoldItalic.ttf"; sourceTree = "<group>"; fileEncoding = undefined; lastKnownFileType = unknown; explicitFileType = undefined; includeInIndex = 0; };
		5D5E3148115248C399B7BBF3 /* PoppinsThin.ttf */ = {isa = PBXFileReference; name = "PoppinsThin.ttf"; path = "../src/assets/fonts/PoppinsThin.ttf"; sourceTree = "<group>"; fileEncoding = undefined; lastKnownFileType = unknown; explicitFileType = undefined; includeInIndex = 0; };
		E5FF50C2799D4E0CAA51ACF0 /* PoppinsThinItalic.ttf */ = {isa = PBXFileReference; name = "PoppinsThinItalic.ttf"; path = "../src/assets/fonts/PoppinsThinItalic.ttf"; sourceTree = "<group>"; fileEncoding = undefined; lastKnownFileType = unknown; explicitFileType = undefined; includeInIndex = 0; };
/* End PBXFileReference section */

/* Begin PBXFrameworksBuildPhase section */
		13B07F8C1A680F5B00A75B9A /* Frameworks */ = {
			isa = PBXFrameworksBuildPhase;
			buildActionMask = 2147483647;
			files = (
				0C80B921A6F3F58F76C31292 /* libPods-BonJoyRider.a in Frameworks */,
			);
			runOnlyForDeploymentPostprocessing = 0;
		};
/* End PBXFrameworksBuildPhase section */

/* Begin PBXGroup section */
		13B07FAE1A68108700A75B9A /* BonJoyRider */ = {
			isa = PBXGroup;
			children = (
				13B07FB51A68108700A75B9A /* Images.xcassets */,
				761780EC2CA45674006654EE /* AppDelegate.swift */,
				13B07FB61A68108700A75B9A /* Info.plist */,
				81AB9BB72411601600AC10FF /* LaunchScreen.storyboard */,
				13B07FB81A68108700A75B9A /* PrivacyInfo.xcprivacy */,
			);
			name = "BonJoyRider";
			sourceTree = "<group>";
		};
		2D16E6871FA4F8E400B85C8A /* Frameworks */ = {
			isa = PBXGroup;
			children = (
				ED297162215061F000B7C4FE /* JavaScriptCore.framework */,
				5DCACB8F33CDC322A6C60F78 /* libPods-BonJoyRider.a */,
			);
			name = Frameworks;
			sourceTree = "<group>";
		};
		832341AE1AAA6A7D00B99B32 /* Libraries */ = {
			isa = PBXGroup;
			children = (
			);
			name = Libraries;
			sourceTree = "<group>";
		};
		83CBB9F61A601CBA00E9B192 = {
			isa = PBXGroup;
			children = (
				13B07FAE1A68108700A75B9A /* BonJoyRider */,
				832341AE1AAA6A7D00B99B32 /* Libraries */,
				83CBBA001A601CBA00E9B192 /* Products */,
				2D16E6871FA4F8E400B85C8A /* Frameworks */,
				BBD78D7AC51CEA395F1C20DB /* Pods */,
				7F556494507D4B31BF88D6C2 /* Resources */,
			);
			indentWidth = 2;
			sourceTree = "<group>";
			tabWidth = 2;
			usesTabs = 0;
		};
		83CBBA001A601CBA00E9B192 /* Products */ = {
			isa = PBXGroup;
			children = (
				13B07F961A680F5B00A75B9A /* BonJoyRider.app */,
			);
			name = Products;
			sourceTree = "<group>";
		};
		BBD78D7AC51CEA395F1C20DB /* Pods */ = {
			isa = PBXGroup;
			children = (
				3B4392A12AC88292D35C810B /* Pods-BonJoyRider.debug.xcconfig */,
				5709B34CF0A7D63546082F79 /* Pods-BonJoyRider.release.xcconfig */,
			);
			path = Pods;
			sourceTree = "<group>";
		};
		7F556494507D4B31BF88D6C2 /* Resources */ = {
			isa = "PBXGroup";
			children = (
				57F329EB5530476686A7FFE7 /* PoppinsBlack.ttf */,
				622E140EC6C54B1484154E6C /* PoppinsBlackItalic.ttf */,
				ED218380F7B74D0CAB2692BC /* PoppinsBold.ttf */,
				7C2391341A22442B94B0AE2D /* PoppinsBoldItalic.ttf */,
				20419E4961AF4DAC8AD8B7C9 /* PoppinsExtraBold.ttf */,
				8B14734D8E3E427E90E8A927 /* PoppinsExtraBoldItalic.ttf */,
				31390623413844A0A88A7EBE /* PoppinsExtraLight.ttf */,
				B37AFB41B3D643D98B3B881E /* PoppinsExtraLightItalic.ttf */,
				176A6B5AF52B4694A7A0166B /* PoppinsItalic.ttf */,
				FFF6DD3A198441FCB4CE1BEA /* PoppinsLight.ttf */,
				98972390D5474E328FBF09C0 /* PoppinsLightItalic.ttf */,
				A331F2B447F647FA9D4AE008 /* PoppinsMedium.ttf */,
				1D5373BF483843CC8B3169A8 /* PoppinsMediumItalic.ttf */,
				1BCB4A0ED30E456189DE2EA9 /* PoppinsRegular.ttf */,
				9686B5D1535042668A638C7E /* PoppinsSemiBold.ttf */,
				95E6030FF95D48FCB63C84CF /* PoppinsSemiBoldItalic.ttf */,
				5D5E3148115248C399B7BBF3 /* PoppinsThin.ttf */,
				E5FF50C2799D4E0CAA51ACF0 /* PoppinsThinItalic.ttf */,
			);
			name = Resources;
			sourceTree = "<group>";
			path = "";
		};
/* End PBXGroup section */

/* Begin PBXNativeTarget section */
		13B07F861A680F5B00A75B9A /* BonJoyRider */ = {
			isa = PBXNativeTarget;
			buildConfigurationList = 13B07F931A680F5B00A75B9A /* Build configuration list for PBXNativeTarget "BonJoyRider" */;
			buildPhases = (
				C38B50BA6285516D6DCD4F65 /* [CP] Check Pods Manifest.lock */,
				13B07F871A680F5B00A75B9A /* Sources */,
				13B07F8C1A680F5B00A75B9A /* Frameworks */,
				13B07F8E1A680F5B00A75B9A /* Resources */,
				00DD1BFF1BD5951E006B06BC /* Bundle React Native code and images */,
				00EEFC60759A1932668264C0 /* [CP] Embed Pods Frameworks */,
				E235C05ADACE081382539298 /* [CP] Copy Pods Resources */,
			);
			buildRules = (
			);
			dependencies = (
			);
			name = "BonJoyRider";
			productName = "BonJoyRider";
			productReference = 13B07F961A680F5B00A75B9A /* BonJoyRider.app */;
			productType = "com.apple.product-type.application";
		};
/* End PBXNativeTarget section */

/* Begin PBXProject section */
		83CBB9F71A601CBA00E9B192 /* Project object */ = {
			isa = PBXProject;
			attributes = {
				LastUpgradeCheck = 1210;
				TargetAttributes = {
					13B07F861A680F5B00A75B9A = {
						LastSwiftMigration = 1120;
					};
				};
			};
			buildConfigurationList = 83CBB9FA1A601CBA00E9B192 /* Build configuration list for PBXProject "BonJoyRider" */;
			compatibilityVersion = "Xcode 12.0";
			developmentRegion = en;
			hasScannedForEncodings = 0;
			knownRegions = (
				en,
				Base,
			);
			mainGroup = 83CBB9F61A601CBA00E9B192;
			productRefGroup = 83CBBA001A601CBA00E9B192 /* Products */;
			projectDirPath = "";
			projectRoot = "";
			targets = (
				13B07F861A680F5B00A75B9A /* BonJoyRider */,
			);
		};
/* End PBXProject section */

/* Begin PBXResourcesBuildPhase section */
		13B07F8E1A680F5B00A75B9A /* Resources */ = {
			isa = PBXResourcesBuildPhase;
			buildActionMask = 2147483647;
			files = (
				81AB9BB82411601600AC10FF /* LaunchScreen.storyboard in Resources */,
				13B07FBF1A68108700A75B9A /* Images.xcassets in Resources */,
				9CDDC77742364633A63A1554 /* PoppinsBlack.ttf in Resources */,
				FA4FF40A478244E6BBEA3157 /* PoppinsBlackItalic.ttf in Resources */,
				470985D55B9C46CE82C78569 /* PoppinsBold.ttf in Resources */,
				BE3FA760D4BF452E9D96EBE2 /* PoppinsBoldItalic.ttf in Resources */,
				9DF920DBA2A04BDE82FBFA6C /* PoppinsExtraBold.ttf in Resources */,
				83F5AC758887441EBC762B44 /* PoppinsExtraBoldItalic.ttf in Resources */,
				13565A0200884A1A8CA8C4A5 /* PoppinsExtraLight.ttf in Resources */,
				26E61DC13EC44638BF74AE78 /* PoppinsExtraLightItalic.ttf in Resources */,
				8F4D30AB7AEB48B7A1E83989 /* PoppinsItalic.ttf in Resources */,
				9154A493DFCB418FB070450F /* PoppinsLight.ttf in Resources */,
				8E990E8BC81A41BF92542E1D /* PoppinsLightItalic.ttf in Resources */,
				054017BADB9743A08FED75DC /* PoppinsMedium.ttf in Resources */,
				3AB8B5155ACA4AF495F385E1 /* PoppinsMediumItalic.ttf in Resources */,
				B89516330C7B4371B30CD764 /* PoppinsRegular.ttf in Resources */,
				836EE17F7F354B31A09D0BB9 /* PoppinsSemiBold.ttf in Resources */,
				3FE63576C528424DB81E638F /* PoppinsSemiBoldItalic.ttf in Resources */,
				0512D0E75B2F4311BD585685 /* PoppinsThin.ttf in Resources */,
				510C3F081FE9413BBCE63DD3 /* PoppinsThinItalic.ttf in Resources */,
			);
			runOnlyForDeploymentPostprocessing = 0;
		};
/* End PBXResourcesBuildPhase section */

/* Begin PBXShellScriptBuildPhase section */
		00DD1BFF1BD5951E006B06BC /* Bundle React Native code and images */ = {
			isa = PBXShellScriptBuildPhase;
			buildActionMask = 2147483647;
			files = (
			);
			inputPaths = (
				"$(SRCROOT)/.xcode.env.local",
				"$(SRCROOT)/.xcode.env",
			);
			name = "Bundle React Native code and images";
			outputPaths = (
			);
			runOnlyForDeploymentPostprocessing = 0;
			shellPath = /bin/sh;
			shellScript = "set -e\n\nWITH_ENVIRONMENT=\"$REACT_NATIVE_PATH/scripts/xcode/with-environment.sh\"\nREACT_NATIVE_XCODE=\"$REACT_NATIVE_PATH/scripts/react-native-xcode.sh\"\n\n/bin/sh -c \"$WITH_ENVIRONMENT $REACT_NATIVE_XCODE\"\n";
		};
		00EEFC60759A1932668264C0 /* [CP] Embed Pods Frameworks */ = {
			isa = PBXShellScriptBuildPhase;
			buildActionMask = 2147483647;
			files = (
			);
			inputFileListPaths = (
				"${PODS_ROOT}/Target Support Files/Pods-BonJoyRider/Pods-BonJoyRider-frameworks-${CONFIGURATION}-input-files.xcfilelist",
			);
			name = "[CP] Embed Pods Frameworks";
			outputFileListPaths = (
				"${PODS_ROOT}/Target Support Files/Pods-BonJoyRider/Pods-BonJoyRider-frameworks-${CONFIGURATION}-output-files.xcfilelist",
			);
			runOnlyForDeploymentPostprocessing = 0;
			shellPath = /bin/sh;
			shellScript = "\"${PODS_ROOT}/Target Support Files/Pods-BonJoyRider/Pods-BonJoyRider-frameworks.sh\"\n";
			showEnvVarsInLog = 0;
		};
		C38B50BA6285516D6DCD4F65 /* [CP] Check Pods Manifest.lock */ = {
			isa = PBXShellScriptBuildPhase;
			buildActionMask = 2147483647;
			files = (
			);
			inputFileListPaths = (
			);
			inputPaths = (
				"${PODS_PODFILE_DIR_PATH}/Podfile.lock",
				"${PODS_ROOT}/Manifest.lock",
			);
			name = "[CP] Check Pods Manifest.lock";
			outputFileListPaths = (
			);
			outputPaths = (
				"$(DERIVED_FILE_DIR)/Pods-BonJoyRider-checkManifestLockResult.txt",
			);
			runOnlyForDeploymentPostprocessing = 0;
			shellPath = /bin/sh;
			shellScript = "diff \"${PODS_PODFILE_DIR_PATH}/Podfile.lock\" \"${PODS_ROOT}/Manifest.lock\" > /dev/null\nif [ $? != 0 ] ; then\n    # print error to STDERR\n    echo \"error: The sandbox is not in sync with the Podfile.lock. Run 'pod install' or update your CocoaPods installation.\" >&2\n    exit 1\nfi\n# This output is used by Xcode 'outputs' to avoid re-running this script phase.\necho \"SUCCESS\" > \"${SCRIPT_OUTPUT_FILE_0}\"\n";
			showEnvVarsInLog = 0;
		};
		E235C05ADACE081382539298 /* [CP] Copy Pods Resources */ = {
			isa = PBXShellScriptBuildPhase;
			buildActionMask = 2147483647;
			files = (
			);
			inputFileListPaths = (
				"${PODS_ROOT}/Target Support Files/Pods-BonJoyRider/Pods-BonJoyRider-resources-${CONFIGURATION}-input-files.xcfilelist",
			);
			name = "[CP] Copy Pods Resources";
			outputFileListPaths = (
				"${PODS_ROOT}/Target Support Files/Pods-BonJoyRider/Pods-BonJoyRider-resources-${CONFIGURATION}-output-files.xcfilelist",
			);
			runOnlyForDeploymentPostprocessing = 0;
			shellPath = /bin/sh;
			shellScript = "\"${PODS_ROOT}/Target Support Files/Pods-BonJoyRider/Pods-BonJoyRider-resources.sh\"\n";
			showEnvVarsInLog = 0;
		};
/* End PBXShellScriptBuildPhase section */

/* Begin PBXSourcesBuildPhase section */
		13B07F871A680F5B00A75B9A /* Sources */ = {
			isa = PBXSourcesBuildPhase;
			buildActionMask = 2147483647;
			files = (
				761780ED2CA45674006654EE /* AppDelegate.swift in Sources */,
			);
			runOnlyForDeploymentPostprocessing = 0;
		};
/* End PBXSourcesBuildPhase section */

/* Begin XCBuildConfiguration section */
		13B07F941A680F5B00A75B9A /* Debug */ = {
			isa = XCBuildConfiguration;
			baseConfigurationReference = 3B4392A12AC88292D35C810B /* Pods-BonJoyRider.debug.xcconfig */;
			buildSettings = {
				ASSETCATALOG_COMPILER_APPICON_NAME = AppIcon;
				CLANG_ENABLE_MODULES = YES;
				CURRENT_PROJECT_VERSION = 1;
				ENABLE_BITCODE = NO;
				INFOPLIST_FILE = "BonJoyRider/Info.plist";
				INFOPLIST_KEY_CFBundleDisplayName = "BonJoy Rider";
				IPHONEOS_DEPLOYMENT_TARGET = 15.1;
				LD_RUNPATH_SEARCH_PATHS = (
					"$(inherited)",
					"@executable_path/Frameworks",
				);
				MARKETING_VERSION = 1.0;
				OTHER_LDFLAGS = (
					"$(inherited)",
					"-ObjC",
					"-lc++",
				);
				PRODUCT_BUNDLE_IDENTIFIER = "org.reactjs.native.example.$(PRODUCT_NAME:rfc1034identifier)";
				PRODUCT_NAME = "BonJoyRider";
				SWIFT_OPTIMIZATION_LEVEL = "-Onone";
				SWIFT_VERSION = 5.0;
				VERSIONING_SYSTEM = "apple-generic";
			};
			name = Debug;
		};
		13B07F951A680F5B00A75B9A /* Release */ = {
			isa = XCBuildConfiguration;
			baseConfigurationReference = 5709B34CF0A7D63546082F79 /* Pods-BonJoyRider.release.xcconfig */;
			buildSettings = {
				ASSETCATALOG_COMPILER_APPICON_NAME = AppIcon;
				CLANG_ENABLE_MODULES = YES;
				CURRENT_PROJECT_VERSION = 1;
				INFOPLIST_FILE = "BonJoyRider/Info.plist";
				INFOPLIST_KEY_CFBundleDisplayName = "BonJoy Rider";
				IPHONEOS_DEPLOYMENT_TARGET = 15.1;
				LD_RUNPATH_SEARCH_PATHS = (
					"$(inherited)",
					"@executable_path/Frameworks",
				);
				MARKETING_VERSION = 1.0;
				OTHER_LDFLAGS = (
					"$(inherited)",
					"-ObjC",
					"-lc++",
				);
				PRODUCT_BUNDLE_IDENTIFIER = "org.reactjs.native.example.$(PRODUCT_NAME:rfc1034identifier)";
				PRODUCT_NAME = "BonJoyRider";
				SWIFT_VERSION = 5.0;
				VERSIONING_SYSTEM = "apple-generic";
			};
			name = Release;
		};
		83CBBA201A601CBA00E9B192 /* Debug */ = {
			isa = XCBuildConfiguration;
			buildSettings = {
				ALWAYS_SEARCH_USER_PATHS = NO;
				CLANG_ANALYZER_LOCALIZABILITY_NONLOCALIZED = YES;
				CLANG_CXX_LANGUAGE_STANDARD = "c++20";
				CLANG_CXX_LIBRARY = "libc++";
				CLANG_ENABLE_MODULES = YES;
				CLANG_ENABLE_OBJC_ARC = YES;
				CLANG_WARN_BLOCK_CAPTURE_AUTORELEASING = YES;
				CLANG_WARN_BOOL_CONVERSION = YES;
				CLANG_WARN_COMMA = YES;
				CLANG_WARN_CONSTANT_CONVERSION = YES;
				CLANG_WARN_DEPRECATED_OBJC_IMPLEMENTATIONS = YES;
				CLANG_WARN_DIRECT_OBJC_ISA_USAGE = YES_ERROR;
				CLANG_WARN_EMPTY_BODY = YES;
				CLANG_WARN_ENUM_CONVERSION = YES;
				CLANG_WARN_INFINITE_RECURSION = YES;
				CLANG_WARN_INT_CONVERSION = YES;
				CLANG_WARN_NON_LITERAL_NULL_CONVERSION = YES;
				CLANG_WARN_OBJC_IMPLICIT_RETAIN_SELF = YES;
				CLANG_WARN_OBJC_LITERAL_CONVERSION = YES;
				CLANG_WARN_OBJC_ROOT_CLASS = YES_ERROR;
				CLANG_WARN_QUOTED_INCLUDE_IN_FRAMEWORK_HEADER = YES;
				CLANG_WARN_RANGE_LOOP_ANALYSIS = YES;
				CLANG_WARN_STRICT_PROTOTYPES = YES;
				CLANG_WARN_SUSPICIOUS_MOVE = YES;
				CLANG_WARN_UNREACHABLE_CODE = YES;
				CLANG_WARN__DUPLICATE_METHOD_MATCH = YES;
				"CODE_SIGN_IDENTITY[sdk=iphoneos*]" = "iPhone Developer";
				COPY_PHASE_STRIP = NO;
				ENABLE_STRICT_OBJC_MSGSEND = YES;
				ENABLE_TESTABILITY = YES;
				"EXCLUDED_ARCHS[sdk=iphonesimulator*]" = "";
				GCC_C_LANGUAGE_STANDARD = gnu99;
				GCC_DYNAMIC_NO_PIC = NO;
				GCC_NO_COMMON_BLOCKS = YES;
				GCC_OPTIMIZATION_LEVEL = 0;
				GCC_PREPROCESSOR_DEFINITIONS = (
					"DEBUG=1",
					"$(inherited)",
				);
				GCC_SYMBOLS_PRIVATE_EXTERN = NO;
				GCC_WARN_64_TO_32_BIT_CONVERSION = YES;
				GCC_WARN_ABOUT_RETURN_TYPE = YES_ERROR;
				GCC_WARN_UNDECLARED_SELECTOR = YES;
				GCC_WARN_UNINITIALIZED_AUTOS = YES_AGGRESSIVE;
				GCC_WARN_UNUSED_FUNCTION = YES;
				GCC_WARN_UNUSED_VARIABLE = YES;
				IPHONEOS_DEPLOYMENT_TARGET = 15.1;
				LD_RUNPATH_SEARCH_PATHS = (
					/usr/lib/swift,
					"$(inherited)",
				);
				LIBRARY_SEARCH_PATHS = (
					"\"$(SDKROOT)/usr/lib/swift\"",
					"\"$(TOOLCHAIN_DIR)/usr/lib/swift/$(PLATFORM_NAME)\"",
					"\"$(inherited)\"",
				);
				MTL_ENABLE_DEBUG_INFO = YES;
				ONLY_ACTIVE_ARCH = YES;
				OTHER_CPLUSPLUSFLAGS = (
					"$(OTHER_CFLAGS)",
					"-DFOLLY_NO_CONFIG",
					"-DFOLLY_MOBILE=1",
					"-DFOLLY_USE_LIBCPP=1",
					"-DFOLLY_CFG_NO_COROUTINES=1",
					"-DFOLLY_HAVE_CLOCK_GETTIME=1",
				);
				SDKROOT = iphoneos;
			};
			name = Debug;
		};
		83CBBA211A601CBA00E9B192 /* Release */ = {
			isa = XCBuildConfiguration;
			buildSettings = {
				ALWAYS_SEARCH_USER_PATHS = NO;
				CLANG_ANALYZER_LOCALIZABILITY_NONLOCALIZED = YES;
				CLANG_CXX_LANGUAGE_STANDARD = "c++20";
				CLANG_CXX_LIBRARY = "libc++";
				CLANG_ENABLE_MODULES = YES;
				CLANG_ENABLE_OBJC_ARC = YES;
				CLANG_WARN_BLOCK_CAPTURE_AUTORELEASING = YES;
				CLANG_WARN_BOOL_CONVERSION = YES;
				CLANG_WARN_COMMA = YES;
				CLANG_WARN_CONSTANT_CONVERSION = YES;
				CLANG_WARN_DEPRECATED_OBJC_IMPLEMENTATIONS = YES;
				CLANG_WARN_DIRECT_OBJC_ISA_USAGE = YES_ERROR;
				CLANG_WARN_EMPTY_BODY = YES;
				CLANG_WARN_ENUM_CONVERSION = YES;
				CLANG_WARN_INFINITE_RECURSION = YES;
				CLANG_WARN_INT_CONVERSION = YES;
				CLANG_WARN_NON_LITERAL_NULL_CONVERSION = YES;
				CLANG_WARN_OBJC_IMPLICIT_RETAIN_SELF = YES;
				CLANG_WARN_OBJC_LITERAL_CONVERSION = YES;
				CLANG_WARN_OBJC_ROOT_CLASS = YES_ERROR;
				CLANG_WARN_QUOTED_INCLUDE_IN_FRAMEWORK_HEADER = YES;
				CLANG_WARN_RANGE_LOOP_ANALYSIS = YES;
				CLANG_WARN_STRICT_PROTOTYPES = YES;
				CLANG_WARN_SUSPICIOUS_MOVE = YES;
				CLANG_WARN_UNREACHABLE_CODE = YES;
				CLANG_WARN__DUPLICATE_METHOD_MATCH = YES;
				"CODE_SIGN_IDENTITY[sdk=iphoneos*]" = "iPhone Developer";
				COPY_PHASE_STRIP = YES;
				ENABLE_NS_ASSERTIONS = NO;
				ENABLE_STRICT_OBJC_MSGSEND = YES;
				"EXCLUDED_ARCHS[sdk=iphonesimulator*]" = "";
				GCC_C_LANGUAGE_STANDARD = gnu99;
				GCC_NO_COMMON_BLOCKS = YES;
				GCC_WARN_64_TO_32_BIT_CONVERSION = YES;
				GCC_WARN_ABOUT_RETURN_TYPE = YES_ERROR;
				GCC_WARN_UNDECLARED_SELECTOR = YES;
				GCC_WARN_UNINITIALIZED_AUTOS = YES_AGGRESSIVE;
				GCC_WARN_UNUSED_FUNCTION = YES;
				GCC_WARN_UNUSED_VARIABLE = YES;
				IPHONEOS_DEPLOYMENT_TARGET = 15.1;
				LD_RUNPATH_SEARCH_PATHS = (
					/usr/lib/swift,
					"$(inherited)",
				);
				LIBRARY_SEARCH_PATHS = (
					"\"$(SDKROOT)/usr/lib/swift\"",
					"\"$(TOOLCHAIN_DIR)/usr/lib/swift/$(PLATFORM_NAME)\"",
					"\"$(inherited)\"",
				);
				MTL_ENABLE_DEBUG_INFO = NO;
				OTHER_CPLUSPLUSFLAGS = (
					"$(OTHER_CFLAGS)",
					"-DFOLLY_NO_CONFIG",
					"-DFOLLY_MOBILE=1",
					"-DFOLLY_USE_LIBCPP=1",
					"-DFOLLY_CFG_NO_COROUTINES=1",
					"-DFOLLY_HAVE_CLOCK_GETTIME=1",
				);
				SDKROOT = iphoneos;
				VALIDATE_PRODUCT = YES;
			};
			name = Release;
		};
/* End XCBuildConfiguration section */

/* Begin XCConfigurationList section */
		13B07F931A680F5B00A75B9A /* Build configuration list for PBXNativeTarget "BonJoyRider" */ = {
			isa = XCConfigurationList;
			buildConfigurations = (
				13B07F941A680F5B00A75B9A /* Debug */,
				13B07F951A680F5B00A75B9A /* Release */,
			);
			defaultConfigurationIsVisible = 0;
			defaultConfigurationName = Release;
		};
		83CBB9FA1A601CBA00E9B192 /* Build configuration list for PBXProject "BonJoyRider" */ = {
			isa = XCConfigurationList;
			buildConfigurations = (
				83CBBA201A601CBA00E9B192 /* Debug */,
				83CBBA211A601CBA00E9B192 /* Release */,
			);
			defaultConfigurationIsVisible = 0;
			defaultConfigurationName = Release;
		};
/* End XCConfigurationList section */
	};
	rootObject = 83CBB9F71A601CBA00E9B192 /* Project object */;
}
